# @generated - this file is auto-generated by `mise lock` https://mise.jdx.dev/dev-tools/mise-lock.html

[[tools.ruby]]
version = "2.4.7"
backend = "core:ruby"

[tools.ruby.options]
compile = "false"
precompiled_url = "jdx/ruby"
ruby_build_repo = "https://github.com/rbenv/ruby-build.git"
ruby_install = "false"

[tools.ruby."platforms.linux-arm64"]
checksum = "sha256:cd6efc720ca6a622745e2bac79f45e6cd63ab0f5a53ad7eb881545f58ff38b89"
url = "https://cache.ruby-lang.org/pub/ruby/2.4/ruby-2.4.7.tar.gz"

[tools.ruby."platforms.linux-arm64-musl"]
checksum = "sha256:cd6efc720ca6a622745e2bac79f45e6cd63ab0f5a53ad7eb881545f58ff38b89"
url = "https://cache.ruby-lang.org/pub/ruby/2.4/ruby-2.4.7.tar.gz"

[tools.ruby."platforms.linux-x64"]
checksum = "sha256:cd6efc720ca6a622745e2bac79f45e6cd63ab0f5a53ad7eb881545f58ff38b89"
url = "https://cache.ruby-lang.org/pub/ruby/2.4/ruby-2.4.7.tar.gz"

[tools.ruby."platforms.linux-x64-musl"]
checksum = "sha256:cd6efc720ca6a622745e2bac79f45e6cd63ab0f5a53ad7eb881545f58ff38b89"
url = "https://cache.ruby-lang.org/pub/ruby/2.4/ruby-2.4.7.tar.gz"

[tools.ruby."platforms.macos-arm64"]
checksum = "sha256:cd6efc720ca6a622745e2bac79f45e6cd63ab0f5a53ad7eb881545f58ff38b89"
url = "https://cache.ruby-lang.org/pub/ruby/2.4/ruby-2.4.7.tar.gz"

[tools.ruby."platforms.macos-x64"]
checksum = "sha256:cd6efc720ca6a622745e2bac79f45e6cd63ab0f5a53ad7eb881545f58ff38b89"
url = "https://cache.ruby-lang.org/pub/ruby/2.4/ruby-2.4.7.tar.gz"

[[tools.ruby]]
version = "2.4.7"
backend = "core:ruby"

[tools.ruby."platforms.windows-x64"]
url = "https://github.com/oneclick/rubyinstaller2/releases/download/RubyInstaller-2.4.7-1/rubyinstaller-2.4.7-1-x64.7z"
